
Microsoft Visual Studio Solution File, Format Version 12.00
# Visual Studio 14
VisualStudioVersion = 14.0.25123.0
MinimumVisualStudioVersion = 10.0.40219.1
Project("{2150E333-8FDC-42A3-9474-1A3956D46DE8}") = "src", "src", "{C206A12E-95D1-4654-A3EE-1D2FCDB99002}"
EndProject
Project("{FAE04EC0-301F-11D3-BF4B-00C04F79EFBC}") = "Petecat", "src\Petecat\Petecat.csproj", "{E6CFD007-47F5-4E4D-9185-6D4147F104CE}"
EndProject
Project("{2150E333-8FDC-42A3-9474-1A3956D46DE8}") = "test", "test", "{1DBC27B7-F377-4A7C-982A-A9F9DBE571B2}"
EndProject
Project("{FAE04EC0-301F-11D3-BF4B-00C04F79EFBC}") = "Petecat.Test", "test\Petecat.Test\Petecat.Test.csproj", "{D76409CF-214D-4986-A4DC-840AB852897E}"
EndProject
Global
	GlobalSection(SolutionConfigurationPlatforms) = preSolution
		Debug|Any CPU = Debug|Any CPU
		Release|Any CPU = Release|Any CPU
	EndGlobalSection
	GlobalSection(ProjectConfigurationPlatforms) = postSolution
		{E6CFD007-47F5-4E4D-9185-6D4147F104CE}.Debug|Any CPU.ActiveCfg = Debug|Any CPU
		{E6CFD007-47F5-4E4D-9185-6D4147F104CE}.Debug|Any CPU.Build.0 = Debug|Any CPU
		{E6CFD007-47F5-4E4D-9185-6D4147F104CE}.Release|Any CPU.ActiveCfg = Release|Any CPU
		{E6CFD007-47F5-4E4D-9185-6D4147F104CE}.Release|Any CPU.Build.0 = Release|Any CPU
		{D76409CF-214D-4986-A4DC-840AB852897E}.Debug|Any CPU.ActiveCfg = Debug|Any CPU
		{D76409CF-214D-4986-A4DC-840AB852897E}.Debug|Any CPU.Build.0 = Debug|Any CPU
		{D76409CF-214D-4986-A4DC-840AB852897E}.Release|Any CPU.ActiveCfg = Release|Any CPU
		{D76409CF-214D-4986-A4DC-840AB852897E}.Release|Any CPU.Build.0 = Release|Any CPU
	EndGlobalSection
	GlobalSection(SolutionProperties) = preSolution
		HideSolutionNode = FALSE
	EndGlobalSection
	GlobalSection(NestedProjects) = preSolution
		{E6CFD007-47F5-4E4D-9185-6D4147F104CE} = {C206A12E-95D1-4654-A3EE-1D2FCDB99002}
		{D76409CF-214D-4986-A4DC-840AB852897E} = {1DBC27B7-F377-4A7C-982A-A9F9DBE571B2}
	EndGlobalSection
EndGlobal
