
Microsoft Visual Studio Solution File, Format Version 12.00
# Visual Studio 14
VisualStudioVersion = 14.0.25420.1
MinimumVisualStudioVersion = 10.0.40219.1
Project("{2150E333-8FDC-42A3-9474-1A3956D46DE8}") = "src", "src", "{C206A12E-95D1-4654-A3EE-1D2FCDB99002}"
EndProject
Project("{FAE04EC0-301F-11D3-BF4B-00C04F79EFBC}") = "petecat", "src\petecat\petecat.csproj", "{E6CFD007-47F5-4E4D-9185-6D4147F104CE}"
EndProject
Project("{2150E333-8FDC-42A3-9474-1A3956D46DE8}") = "test", "test", "{1DBC27B7-F377-4A7C-982A-A9F9DBE571B2}"
EndProject
Project("{FAE04EC0-301F-11D3-BF4B-00C04F79EFBC}") = "petecat.consoleapp", "test\petecat.consoleapp\petecat.consoleapp.csproj", "{70276C47-A34C-4702-8B54-26AE5B5FBEA4}"
EndProject
Project("{2150E333-8FDC-42A3-9474-1A3956D46DE8}") = "app", "app", "{43DC8785-CBF8-454B-858A-03C0D590375B}"
EndProject
Project("{FAE04EC0-301F-11D3-BF4B-00C04F79EFBC}") = "achiver", "app\achiver\achiver.csproj", "{F5E4A3D5-835C-4AE6-9765-C3BEC4A672F1}"
EndProject
Project("{FAE04EC0-301F-11D3-BF4B-00C04F79EFBC}") = "crawler", "app\crawler\crawler.csproj", "{E73D3198-EEFE-42AD-87BD-13DF4E9A6453}"
EndProject
Project("{FAE04EC0-301F-11D3-BF4B-00C04F79EFBC}") = "petecat.test", "test\petecat.test\petecat.test.csproj", "{D76409CF-214D-4986-A4DC-840AB852897E}"
EndProject
Project("{FAE04EC0-301F-11D3-BF4B-00C04F79EFBC}") = "petecat.rest", "test\petecat.rest\petecat.rest.csproj", "{78666576-924F-4AEB-AB18-08F83A90ADDF}"
EndProject
Project("{FAE04EC0-301F-11D3-BF4B-00C04F79EFBC}") = "petecat.services", "test\petecat.services\petecat.services.csproj", "{E3D3D702-F45D-45B7-9E04-1BA947EDF3B2}"
EndProject
Project("{FAE04EC0-301F-11D3-BF4B-00C04F79EFBC}") = "petecat.tcp", "test\petecat.tcp\petecat.tcp.csproj", "{BF2B0E67-EFE3-47BB-9A77-CD8FF47CA778}"
EndProject
Global
	GlobalSection(SolutionConfigurationPlatforms) = preSolution
		Debug|Any CPU = Debug|Any CPU
		Release|Any CPU = Release|Any CPU
	EndGlobalSection
	GlobalSection(ProjectConfigurationPlatforms) = postSolution
		{E6CFD007-47F5-4E4D-9185-6D4147F104CE}.Debug|Any CPU.ActiveCfg = Debug|Any CPU
		{E6CFD007-47F5-4E4D-9185-6D4147F104CE}.Debug|Any CPU.Build.0 = Debug|Any CPU
		{E6CFD007-47F5-4E4D-9185-6D4147F104CE}.Release|Any CPU.ActiveCfg = Release|Any CPU
		{E6CFD007-47F5-4E4D-9185-6D4147F104CE}.Release|Any CPU.Build.0 = Release|Any CPU
		{70276C47-A34C-4702-8B54-26AE5B5FBEA4}.Debug|Any CPU.ActiveCfg = Debug|Any CPU
		{70276C47-A34C-4702-8B54-26AE5B5FBEA4}.Debug|Any CPU.Build.0 = Debug|Any CPU
		{70276C47-A34C-4702-8B54-26AE5B5FBEA4}.Release|Any CPU.ActiveCfg = Release|Any CPU
		{70276C47-A34C-4702-8B54-26AE5B5FBEA4}.Release|Any CPU.Build.0 = Release|Any CPU
		{F5E4A3D5-835C-4AE6-9765-C3BEC4A672F1}.Debug|Any CPU.ActiveCfg = Debug|Any CPU
		{F5E4A3D5-835C-4AE6-9765-C3BEC4A672F1}.Debug|Any CPU.Build.0 = Debug|Any CPU
		{F5E4A3D5-835C-4AE6-9765-C3BEC4A672F1}.Release|Any CPU.ActiveCfg = Release|Any CPU
		{F5E4A3D5-835C-4AE6-9765-C3BEC4A672F1}.Release|Any CPU.Build.0 = Release|Any CPU
		{E73D3198-EEFE-42AD-87BD-13DF4E9A6453}.Debug|Any CPU.ActiveCfg = Debug|Any CPU
		{E73D3198-EEFE-42AD-87BD-13DF4E9A6453}.Debug|Any CPU.Build.0 = Debug|Any CPU
		{E73D3198-EEFE-42AD-87BD-13DF4E9A6453}.Release|Any CPU.ActiveCfg = Release|Any CPU
		{E73D3198-EEFE-42AD-87BD-13DF4E9A6453}.Release|Any CPU.Build.0 = Release|Any CPU
		{D76409CF-214D-4986-A4DC-840AB852897E}.Debug|Any CPU.ActiveCfg = Debug|Any CPU
		{D76409CF-214D-4986-A4DC-840AB852897E}.Debug|Any CPU.Build.0 = Debug|Any CPU
		{D76409CF-214D-4986-A4DC-840AB852897E}.Release|Any CPU.ActiveCfg = Release|Any CPU
		{D76409CF-214D-4986-A4DC-840AB852897E}.Release|Any CPU.Build.0 = Release|Any CPU
		{78666576-924F-4AEB-AB18-08F83A90ADDF}.Debug|Any CPU.ActiveCfg = Debug|Any CPU
		{78666576-924F-4AEB-AB18-08F83A90ADDF}.Debug|Any CPU.Build.0 = Debug|Any CPU
		{78666576-924F-4AEB-AB18-08F83A90ADDF}.Release|Any CPU.ActiveCfg = Release|Any CPU
		{78666576-924F-4AEB-AB18-08F83A90ADDF}.Release|Any CPU.Build.0 = Release|Any CPU
		{E3D3D702-F45D-45B7-9E04-1BA947EDF3B2}.Debug|Any CPU.ActiveCfg = Debug|Any CPU
		{E3D3D702-F45D-45B7-9E04-1BA947EDF3B2}.Debug|Any CPU.Build.0 = Debug|Any CPU
		{E3D3D702-F45D-45B7-9E04-1BA947EDF3B2}.Release|Any CPU.ActiveCfg = Release|Any CPU
		{E3D3D702-F45D-45B7-9E04-1BA947EDF3B2}.Release|Any CPU.Build.0 = Release|Any CPU
		{BF2B0E67-EFE3-47BB-9A77-CD8FF47CA778}.Debug|Any CPU.ActiveCfg = Debug|Any CPU
		{BF2B0E67-EFE3-47BB-9A77-CD8FF47CA778}.Debug|Any CPU.Build.0 = Debug|Any CPU
		{BF2B0E67-EFE3-47BB-9A77-CD8FF47CA778}.Release|Any CPU.ActiveCfg = Release|Any CPU
		{BF2B0E67-EFE3-47BB-9A77-CD8FF47CA778}.Release|Any CPU.Build.0 = Release|Any CPU
	EndGlobalSection
	GlobalSection(SolutionProperties) = preSolution
		HideSolutionNode = FALSE
	EndGlobalSection
	GlobalSection(NestedProjects) = preSolution
		{E6CFD007-47F5-4E4D-9185-6D4147F104CE} = {C206A12E-95D1-4654-A3EE-1D2FCDB99002}
		{70276C47-A34C-4702-8B54-26AE5B5FBEA4} = {1DBC27B7-F377-4A7C-982A-A9F9DBE571B2}
		{F5E4A3D5-835C-4AE6-9765-C3BEC4A672F1} = {43DC8785-CBF8-454B-858A-03C0D590375B}
		{E73D3198-EEFE-42AD-87BD-13DF4E9A6453} = {43DC8785-CBF8-454B-858A-03C0D590375B}
		{D76409CF-214D-4986-A4DC-840AB852897E} = {1DBC27B7-F377-4A7C-982A-A9F9DBE571B2}
		{78666576-924F-4AEB-AB18-08F83A90ADDF} = {1DBC27B7-F377-4A7C-982A-A9F9DBE571B2}
		{E3D3D702-F45D-45B7-9E04-1BA947EDF3B2} = {1DBC27B7-F377-4A7C-982A-A9F9DBE571B2}
		{BF2B0E67-EFE3-47BB-9A77-CD8FF47CA778} = {1DBC27B7-F377-4A7C-982A-A9F9DBE571B2}
	EndGlobalSection
EndGlobal
