
Microsoft Visual Studio Solution File, Format Version 12.00
# Visual Studio 14
VisualStudioVersion = 14.0.25420.1
MinimumVisualStudioVersion = 10.0.40219.1
Project("{2150E333-8FDC-42A3-9474-1A3956D46DE8}") = "src", "src", "{C206A12E-95D1-4654-A3EE-1D2FCDB99002}"
EndProject
Project("{FAE04EC0-301F-11D3-BF4B-00C04F79EFBC}") = "petecat", "src\petecat.csproj", "{E6CFD007-47F5-4E4D-9185-6D4147F104CE}"
EndProject
Project("{2150E333-8FDC-42A3-9474-1A3956D46DE8}") = "test", "test", "{1DBC27B7-F377-4A7C-982A-A9F9DBE571B2}"
EndProject
Project("{FAE04EC0-301F-11D3-BF4B-00C04F79EFBC}") = "petecat.consoleapp", "test\petecat.consoleapp\petecat.consoleapp.csproj", "{70276C47-A34C-4702-8B54-26AE5B5FBEA4}"
EndProject
Project("{2150E333-8FDC-42A3-9474-1A3956D46DE8}") = "app", "app", "{43DC8785-CBF8-454B-858A-03C0D590375B}"
EndProject
Project("{FAE04EC0-301F-11D3-BF4B-00C04F79EFBC}") = "achiver", "app\achiver\achiver.csproj", "{F5E4A3D5-835C-4AE6-9765-C3BEC4A672F1}"
EndProject
Project("{FAE04EC0-301F-11D3-BF4B-00C04F79EFBC}") = "crawler", "app\crawler\crawler.csproj", "{E73D3198-EEFE-42AD-87BD-13DF4E9A6453}"
EndProject
Project("{FAE04EC0-301F-11D3-BF4B-00C04F79EFBC}") = "formatter", "app\formatter\formatter.csproj", "{FDE551B2-43F1-455D-AB1E-0E271181CC27}"
EndProject
Project("{FAE04EC0-301F-11D3-BF4B-00C04F79EFBC}") = "gitdiff", "app\gitdiff\gitdiff.csproj", "{FB475375-3C26-4455-A4C8-77A81BF81179}"
EndProject
Project("{FAE04EC0-301F-11D3-BF4B-00C04F79EFBC}") = "petecat.servicehost", "test\petecat.servicehost\petecat.servicehost.csproj", "{DCF5120F-0CFD-4712-81D8-3857156D5756}"
EndProject
Project("{FAE04EC0-301F-11D3-BF4B-00C04F79EFBC}") = "hash", "app\hash\hash.csproj", "{6DA2D887-0936-4460-BC28-A32EDEC1AA7C}"
EndProject
Project("{2150E333-8FDC-42A3-9474-1A3956D46DE8}") = "nuspec", "nuspec", "{02BDE30C-4241-4FF1-983A-F827A1E9676D}"
	ProjectSection(SolutionItems) = preProject
		nuspec\petecat.1.0.1702.0201.nuspec = nuspec\petecat.1.0.1702.0201.nuspec
	EndProjectSection
EndProject
Project("{FAE04EC0-301F-11D3-BF4B-00C04F79EFBC}") = "md", "app\md\md.csproj", "{CA43960F-5FA5-4E48-84A3-0909CCE839D2}"
EndProject
Project("{FAE04EC0-301F-11D3-BF4B-00C04F79EFBC}") = "files", "app\files\files.csproj", "{CB87F8A7-FA55-4932-BFA0-DD908E0FF8A2}"
EndProject
Global
	GlobalSection(SolutionConfigurationPlatforms) = preSolution
		Debug|Any CPU = Debug|Any CPU
		Release|Any CPU = Release|Any CPU
	EndGlobalSection
	GlobalSection(ProjectConfigurationPlatforms) = postSolution
		{E6CFD007-47F5-4E4D-9185-6D4147F104CE}.Debug|Any CPU.ActiveCfg = Debug|Any CPU
		{E6CFD007-47F5-4E4D-9185-6D4147F104CE}.Debug|Any CPU.Build.0 = Debug|Any CPU
		{E6CFD007-47F5-4E4D-9185-6D4147F104CE}.Release|Any CPU.ActiveCfg = Release|Any CPU
		{E6CFD007-47F5-4E4D-9185-6D4147F104CE}.Release|Any CPU.Build.0 = Release|Any CPU
		{70276C47-A34C-4702-8B54-26AE5B5FBEA4}.Debug|Any CPU.ActiveCfg = Debug|Any CPU
		{70276C47-A34C-4702-8B54-26AE5B5FBEA4}.Debug|Any CPU.Build.0 = Debug|Any CPU
		{70276C47-A34C-4702-8B54-26AE5B5FBEA4}.Release|Any CPU.ActiveCfg = Release|Any CPU
		{70276C47-A34C-4702-8B54-26AE5B5FBEA4}.Release|Any CPU.Build.0 = Release|Any CPU
		{F5E4A3D5-835C-4AE6-9765-C3BEC4A672F1}.Debug|Any CPU.ActiveCfg = Debug|Any CPU
		{F5E4A3D5-835C-4AE6-9765-C3BEC4A672F1}.Debug|Any CPU.Build.0 = Debug|Any CPU
		{F5E4A3D5-835C-4AE6-9765-C3BEC4A672F1}.Release|Any CPU.ActiveCfg = Release|Any CPU
		{F5E4A3D5-835C-4AE6-9765-C3BEC4A672F1}.Release|Any CPU.Build.0 = Release|Any CPU
		{E73D3198-EEFE-42AD-87BD-13DF4E9A6453}.Debug|Any CPU.ActiveCfg = Debug|Any CPU
		{E73D3198-EEFE-42AD-87BD-13DF4E9A6453}.Debug|Any CPU.Build.0 = Debug|Any CPU
		{E73D3198-EEFE-42AD-87BD-13DF4E9A6453}.Release|Any CPU.ActiveCfg = Release|Any CPU
		{E73D3198-EEFE-42AD-87BD-13DF4E9A6453}.Release|Any CPU.Build.0 = Release|Any CPU
		{FDE551B2-43F1-455D-AB1E-0E271181CC27}.Debug|Any CPU.ActiveCfg = Debug|Any CPU
		{FDE551B2-43F1-455D-AB1E-0E271181CC27}.Debug|Any CPU.Build.0 = Debug|Any CPU
		{FDE551B2-43F1-455D-AB1E-0E271181CC27}.Release|Any CPU.ActiveCfg = Release|Any CPU
		{FDE551B2-43F1-455D-AB1E-0E271181CC27}.Release|Any CPU.Build.0 = Release|Any CPU
		{FB475375-3C26-4455-A4C8-77A81BF81179}.Debug|Any CPU.ActiveCfg = Debug|Any CPU
		{FB475375-3C26-4455-A4C8-77A81BF81179}.Debug|Any CPU.Build.0 = Debug|Any CPU
		{FB475375-3C26-4455-A4C8-77A81BF81179}.Release|Any CPU.ActiveCfg = Release|Any CPU
		{FB475375-3C26-4455-A4C8-77A81BF81179}.Release|Any CPU.Build.0 = Release|Any CPU
		{DCF5120F-0CFD-4712-81D8-3857156D5756}.Debug|Any CPU.ActiveCfg = Debug|Any CPU
		{DCF5120F-0CFD-4712-81D8-3857156D5756}.Debug|Any CPU.Build.0 = Debug|Any CPU
		{DCF5120F-0CFD-4712-81D8-3857156D5756}.Release|Any CPU.ActiveCfg = Release|Any CPU
		{DCF5120F-0CFD-4712-81D8-3857156D5756}.Release|Any CPU.Build.0 = Release|Any CPU
		{6DA2D887-0936-4460-BC28-A32EDEC1AA7C}.Debug|Any CPU.ActiveCfg = Debug|Any CPU
		{6DA2D887-0936-4460-BC28-A32EDEC1AA7C}.Debug|Any CPU.Build.0 = Debug|Any CPU
		{6DA2D887-0936-4460-BC28-A32EDEC1AA7C}.Release|Any CPU.ActiveCfg = Release|Any CPU
		{6DA2D887-0936-4460-BC28-A32EDEC1AA7C}.Release|Any CPU.Build.0 = Release|Any CPU
		{CA43960F-5FA5-4E48-84A3-0909CCE839D2}.Debug|Any CPU.ActiveCfg = Debug|Any CPU
		{CA43960F-5FA5-4E48-84A3-0909CCE839D2}.Debug|Any CPU.Build.0 = Debug|Any CPU
		{CA43960F-5FA5-4E48-84A3-0909CCE839D2}.Release|Any CPU.ActiveCfg = Release|Any CPU
		{CA43960F-5FA5-4E48-84A3-0909CCE839D2}.Release|Any CPU.Build.0 = Release|Any CPU
		{CB87F8A7-FA55-4932-BFA0-DD908E0FF8A2}.Debug|Any CPU.ActiveCfg = Debug|Any CPU
		{CB87F8A7-FA55-4932-BFA0-DD908E0FF8A2}.Debug|Any CPU.Build.0 = Debug|Any CPU
		{CB87F8A7-FA55-4932-BFA0-DD908E0FF8A2}.Release|Any CPU.ActiveCfg = Release|Any CPU
		{CB87F8A7-FA55-4932-BFA0-DD908E0FF8A2}.Release|Any CPU.Build.0 = Release|Any CPU
	EndGlobalSection
	GlobalSection(SolutionProperties) = preSolution
		HideSolutionNode = FALSE
	EndGlobalSection
	GlobalSection(NestedProjects) = preSolution
		{E6CFD007-47F5-4E4D-9185-6D4147F104CE} = {C206A12E-95D1-4654-A3EE-1D2FCDB99002}
		{70276C47-A34C-4702-8B54-26AE5B5FBEA4} = {1DBC27B7-F377-4A7C-982A-A9F9DBE571B2}
		{F5E4A3D5-835C-4AE6-9765-C3BEC4A672F1} = {43DC8785-CBF8-454B-858A-03C0D590375B}
		{E73D3198-EEFE-42AD-87BD-13DF4E9A6453} = {43DC8785-CBF8-454B-858A-03C0D590375B}
		{FDE551B2-43F1-455D-AB1E-0E271181CC27} = {43DC8785-CBF8-454B-858A-03C0D590375B}
		{FB475375-3C26-4455-A4C8-77A81BF81179} = {43DC8785-CBF8-454B-858A-03C0D590375B}
		{DCF5120F-0CFD-4712-81D8-3857156D5756} = {1DBC27B7-F377-4A7C-982A-A9F9DBE571B2}
		{6DA2D887-0936-4460-BC28-A32EDEC1AA7C} = {43DC8785-CBF8-454B-858A-03C0D590375B}
		{CA43960F-5FA5-4E48-84A3-0909CCE839D2} = {43DC8785-CBF8-454B-858A-03C0D590375B}
		{CB87F8A7-FA55-4932-BFA0-DD908E0FF8A2} = {43DC8785-CBF8-454B-858A-03C0D590375B}
	EndGlobalSection
EndGlobal
